
Microsoft Visual Studio Solution File, Format Version 12.00
# Visual Studio 15
VisualStudioVersion = 15.0.28010.2048
MinimumVisualStudioVersion = 10.0.40219.1
Project("{FAE04EC0-301F-11D3-BF4B-00C04F79EFBC}") = "CoreWebAppDocker", "CoreWebAppDocker\CoreWebAppDocker.csproj", "{1F224026-F99B-4FF6-8A88-B6138701B928}"
EndProject
Global
	GlobalSection(SolutionConfigurationPlatforms) = preSolution
		Debug|Any CPU = Debug|Any CPU
		Release|Any CPU = Release|Any CPU
	EndGlobalSection
	GlobalSection(ProjectConfigurationPlatforms) = postSolution
		{1F224026-F99B-4FF6-8A88-B6138701B928}.Debug|Any CPU.ActiveCfg = Debug|Any CPU
		{1F224026-F99B-4FF6-8A88-B6138701B928}.Debug|Any CPU.Build.0 = Debug|Any CPU
		{1F224026-F99B-4FF6-8A88-B6138701B928}.Release|Any CPU.ActiveCfg = Release|Any CPU
		{1F224026-F99B-4FF6-8A88-B6138701B928}.Release|Any CPU.Build.0 = Release|Any CPU
	EndGlobalSection
	GlobalSection(SolutionProperties) = preSolution
		HideSolutionNode = FALSE
	EndGlobalSection
	GlobalSection(ExtensibilityGlobals) = postSolution
		SolutionGuid = {D76797D4-917B-4C34-AE6D-7F22456F3B75}
	EndGlobalSection
EndGlobal
